// !$*UTF8*$!
{
	archiveVersion = 1;
	classes = {
	};
	objectVersion = 46;
	objects = {

/* Begin PBXBuildFile section */
		03A87A8014C7DD5C00126D9A /* UIKit.framework in Frameworks */ = {isa = PBXBuildFile; fileRef = 03A87A7F14C7DD5C00126D9A /* UIKit.framework */; };
		03A87A8214C7DD5C00126D9A /* Foundation.framework in Frameworks */ = {isa = PBXBuildFile; fileRef = 03A87A8114C7DD5C00126D9A /* Foundation.framework */; };
		03A87A8414C7DD5C00126D9A /* CoreGraphics.framework in Frameworks */ = {isa = PBXBuildFile; fileRef = 03A87A8314C7DD5C00126D9A /* CoreGraphics.framework */; };
		03A87A8A14C7DD5C00126D9A /* InfoPlist.strings in Resources */ = {isa = PBXBuildFile; fileRef = 03A87A8814C7DD5C00126D9A /* InfoPlist.strings */; };
		03A87A8C14C7DD5C00126D9A /* main.m in Sources */ = {isa = PBXBuildFile; fileRef = 03A87A8B14C7DD5C00126D9A /* main.m */; };
		03A87A9014C7DD5C00126D9A /* JAAppDelegate.m in Sources */ = {isa = PBXBuildFile; fileRef = 03A87A8F14C7DD5C00126D9A /* JAAppDelegate.m */; };
		03A87A9314C7DD5C00126D9A /* JAViewController.m in Sources */ = {isa = PBXBuildFile; fileRef = 03A87A9214C7DD5C00126D9A /* JAViewController.m */; };
		03A87A9614C7DD5C00126D9A /* JAViewController.xib in Resources */ = {isa = PBXBuildFile; fileRef = 03A87A9414C7DD5C00126D9A /* JAViewController.xib */; };
		03A87A9F14C7DD8C00126D9A /* JANavigationBar.m in Sources */ = {isa = PBXBuildFile; fileRef = 03A87A9E14C7DD8C00126D9A /* JANavigationBar.m */; };
		03A87AA214C7DDDD00126D9A /* navbar_background.png in Resources */ = {isa = PBXBuildFile; fileRef = 03A87AA014C7DDDD00126D9A /* navbar_background.png */; };
		03A87AA314C7DDDD00126D9A /* navbar_background@2x.png in Resources */ = {isa = PBXBuildFile; fileRef = 03A87AA114C7DDDD00126D9A /* navbar_background@2x.png */; };
/* End PBXBuildFile section */

/* Begin PBXFileReference section */
		03A87A7B14C7DD5C00126D9A /* CustomNavigationBarBackground.app */ = {isa = PBXFileReference; explicitFileType = wrapper.application; includeInIndex = 0; path = CustomNavigationBarBackground.app; sourceTree = BUILT_PRODUCTS_DIR; };
		03A87A7F14C7DD5C00126D9A /* UIKit.framework */ = {isa = PBXFileReference; lastKnownFileType = wrapper.framework; name = UIKit.framework; path = System/Library/Frameworks/UIKit.framework; sourceTree = SDKROOT; };
		03A87A8114C7DD5C00126D9A /* Foundation.framework */ = {isa = PBXFileReference; lastKnownFileType = wrapper.framework; name = Foundation.framework; path = System/Library/Frameworks/Foundation.framework; sourceTree = SDKROOT; };
		03A87A8314C7DD5C00126D9A /* CoreGraphics.framework */ = {isa = PBXFileReference; lastKnownFileType = wrapper.framework; name = CoreGraphics.framework; path = System/Library/Frameworks/CoreGraphics.framework; sourceTree = SDKROOT; };
		03A87A8714C7DD5C00126D9A /* CustomNavigationBarBackground-Info.plist */ = {isa = PBXFileReference; lastKnownFileType = text.plist.xml; path = "CustomNavigationBarBackground-Info.plist"; sourceTree = "<group>"; };
		03A87A8914C7DD5C00126D9A /* en */ = {isa = PBXFileReference; lastKnownFileType = text.plist.strings; name = en; path = en.lproj/InfoPlist.strings; sourceTree = "<group>"; };
		03A87A8B14C7DD5C00126D9A /* main.m */ = {isa = PBXFileReference; lastKnownFileType = sourcecode.c.objc; path = main.m; sourceTree = "<group>"; };
		03A87A8D14C7DD5C00126D9A /* CustomNavigationBarBackground-Prefix.pch */ = {isa = PBXFileReference; lastKnownFileType = sourcecode.c.h; path = "CustomNavigationBarBackground-Prefix.pch"; sourceTree = "<group>"; };
		03A87A8E14C7DD5C00126D9A /* JAAppDelegate.h */ = {isa = PBXFileReference; lastKnownFileType = sourcecode.c.h; path = JAAppDelegate.h; sourceTree = "<group>"; };
		03A87A8F14C7DD5C00126D9A /* JAAppDelegate.m */ = {isa = PBXFileReference; lastKnownFileType = sourcecode.c.objc; path = JAAppDelegate.m; sourceTree = "<group>"; };
		03A87A9114C7DD5C00126D9A /* JAViewController.h */ = {isa = PBXFileReference; lastKnownFileType = sourcecode.c.h; path = JAViewController.h; sourceTree = "<group>"; };
		03A87A9214C7DD5C00126D9A /* JAViewController.m */ = {isa = PBXFileReference; lastKnownFileType = sourcecode.c.objc; path = JAViewController.m; sourceTree = "<group>"; };
		03A87A9514C7DD5C00126D9A /* en */ = {isa = PBXFileReference; lastKnownFileType = file.xib; name = en; path = en.lproj/JAViewController.xib; sourceTree = "<group>"; };
		03A87A9D14C7DD8C00126D9A /* JANavigationBar.h */ = {isa = PBXFileReference; fileEncoding = 4; lastKnownFileType = sourcecode.c.h; path = JANavigationBar.h; sourceTree = "<group>"; };
		03A87A9E14C7DD8C00126D9A /* JANavigationBar.m */ = {isa = PBXFileReference; fileEncoding = 4; lastKnownFileType = sourcecode.c.objc; path = JANavigationBar.m; sourceTree = "<group>"; };
		03A87AA014C7DDDD00126D9A /* navbar_background.png */ = {isa = PBXFileReference; lastKnownFileType = image.png; path = navbar_background.png; sourceTree = "<group>"; };
		03A87AA114C7DDDD00126D9A /* navbar_background@2x.png */ = {isa = PBXFileReference; lastKnownFileType = image.png; path = "navbar_background@2x.png"; sourceTree = "<group>"; };
/* End PBXFileReference section */

/* Begin PBXFrameworksBuildPhase section */
		03A87A7814C7DD5C00126D9A /* Frameworks */ = {
			isa = PBXFrameworksBuildPhase;
			buildActionMask = 2147483647;
			files = (
				03A87A8014C7DD5C00126D9A /* UIKit.framework in Frameworks */,
				03A87A8214C7DD5C00126D9A /* Foundation.framework in Frameworks */,
				03A87A8414C7DD5C00126D9A /* CoreGraphics.framework in Frameworks */,
			);
			runOnlyForDeploymentPostprocessing = 0;
		};
/* End PBXFrameworksBuildPhase section */

/* Begin PBXGroup section */
		03A87A7014C7DD5C00126D9A = {
			isa = PBXGroup;
			children = (
				03A87A8514C7DD5C00126D9A /* CustomNavigationBarBackground */,
				03A87A7E14C7DD5C00126D9A /* Frameworks */,
				03A87A7C14C7DD5C00126D9A /* Products */,
			);
			sourceTree = "<group>";
		};
		03A87A7C14C7DD5C00126D9A /* Products */ = {
			isa = PBXGroup;
			children = (
				03A87A7B14C7DD5C00126D9A /* CustomNavigationBarBackground.app */,
			);
			name = Products;
			sourceTree = "<group>";
		};
		03A87A7E14C7DD5C00126D9A /* Frameworks */ = {
			isa = PBXGroup;
			children = (
				03A87A7F14C7DD5C00126D9A /* UIKit.framework */,
				03A87A8114C7DD5C00126D9A /* Foundation.framework */,
				03A87A8314C7DD5C00126D9A /* CoreGraphics.framework */,
			);
			name = Frameworks;
			sourceTree = "<group>";
		};
		03A87A8514C7DD5C00126D9A /* CustomNavigationBarBackground */ = {
			isa = PBXGroup;
			children = (
				03A87A8E14C7DD5C00126D9A /* JAAppDelegate.h */,
				03A87A8F14C7DD5C00126D9A /* JAAppDelegate.m */,
				03A87A9114C7DD5C00126D9A /* JAViewController.h */,
				03A87A9214C7DD5C00126D9A /* JAViewController.m */,
				03A87A9414C7DD5C00126D9A /* JAViewController.xib */,
				03A87A9D14C7DD8C00126D9A /* JANavigationBar.h */,
				03A87A9E14C7DD8C00126D9A /* JANavigationBar.m */,
				03A87AA014C7DDDD00126D9A /* navbar_background.png */,
				03A87AA114C7DDDD00126D9A /* navbar_background@2x.png */,
				03A87A8614C7DD5C00126D9A /* Supporting Files */,
			);
			path = CustomNavigationBarBackground;
			sourceTree = "<group>";
		};
		03A87A8614C7DD5C00126D9A /* Supporting Files */ = {
			isa = PBXGroup;
			children = (
				03A87A8714C7DD5C00126D9A /* CustomNavigationBarBackground-Info.plist */,
				03A87A8814C7DD5C00126D9A /* InfoPlist.strings */,
				03A87A8B14C7DD5C00126D9A /* main.m */,
				03A87A8D14C7DD5C00126D9A /* CustomNavigationBarBackground-Prefix.pch */,
			);
			name = "Supporting Files";
			sourceTree = "<group>";
		};
/* End PBXGroup section */

/* Begin PBXNativeTarget section */
		03A87A7A14C7DD5C00126D9A /* CustomNavigationBarBackground */ = {
			isa = PBXNativeTarget;
			buildConfigurationList = 03A87A9914C7DD5C00126D9A /* Build configuration list for PBXNativeTarget "CustomNavigationBarBackground" */;
			buildPhases = (
				03A87A7714C7DD5C00126D9A /* Sources */,
				03A87A7814C7DD5C00126D9A /* Frameworks */,
				03A87A7914C7DD5C00126D9A /* Resources */,
			);
			buildRules = (
			);
			dependencies = (
			);
			name = CustomNavigationBarBackground;
			productName = CustomNavigationBarBackground;
			productReference = 03A87A7B14C7DD5C00126D9A /* CustomNavigationBarBackground.app */;
			productType = "com.apple.product-type.application";
		};
/* End PBXNativeTarget section */

/* Begin PBXProject section */
		03A87A7214C7DD5C00126D9A /* Project object */ = {
			isa = PBXProject;
			attributes = {
				LastUpgradeCheck = 0420;
			};
			buildConfigurationList = 03A87A7514C7DD5C00126D9A /* Build configuration list for PBXProject "CustomNavigationBarBackground" */;
			compatibilityVersion = "Xcode 3.2";
			developmentRegion = English;
			hasScannedForEncodings = 0;
			knownRegions = (
				en,
			);
			mainGroup = 03A87A7014C7DD5C00126D9A;
			productRefGroup = 03A87A7C14C7DD5C00126D9A /* Products */;
			projectDirPath = "";
			projectRoot = "";
			targets = (
				03A87A7A14C7DD5C00126D9A /* CustomNavigationBarBackground */,
			);
		};
/* End PBXProject section */

/* Begin PBXResourcesBuildPhase section */
		03A87A7914C7DD5C00126D9A /* Resources */ = {
			isa = PBXResourcesBuildPhase;
			buildActionMask = 2147483647;
			files = (
				03A87A8A14C7DD5C00126D9A /* InfoPlist.strings in Resources */,
				03A87A9614C7DD5C00126D9A /* JAViewController.xib in Resources */,
				03A87AA214C7DDDD00126D9A /* navbar_background.png in Resources */,
				03A87AA314C7DDDD00126D9A /* navbar_background@2x.png in Resources */,
			);
			runOnlyForDeploymentPostprocessing = 0;
		};
/* End PBXResourcesBuildPhase section */

/* Begin PBXSourcesBuildPhase section */
		03A87A7714C7DD5C00126D9A /* Sources */ = {
			isa = PBXSourcesBuildPhase;
			buildActionMask = 2147483647;
			files = (
				03A87A8C14C7DD5C00126D9A /* main.m in Sources */,
				03A87A9014C7DD5C00126D9A /* JAAppDelegate.m in Sources */,
				03A87A9314C7DD5C00126D9A /* JAViewController.m in Sources */,
				03A87A9F14C7DD8C00126D9A /* JANavigationBar.m in Sources */,
			);
			runOnlyForDeploymentPostprocessing = 0;
		};
/* End PBXSourcesBuildPhase section */

/* Begin PBXVariantGroup section */
		03A87A8814C7DD5C00126D9A /* InfoPlist.strings */ = {
			isa = PBXVariantGroup;
			children = (
				03A87A8914C7DD5C00126D9A /* en */,
			);
			name = InfoPlist.strings;
			sourceTree = "<group>";
		};
		03A87A9414C7DD5C00126D9A /* JAViewController.xib */ = {
			isa = PBXVariantGroup;
			children = (
				03A87A9514C7DD5C00126D9A /* en */,
			);
			name = JAViewController.xib;
			sourceTree = "<group>";
		};
/* End PBXVariantGroup section */

/* Begin XCBuildConfiguration section */
		03A87A9714C7DD5C00126D9A /* Debug */ = {
			isa = XCBuildConfiguration;
			buildSettings = {
				ALWAYS_SEARCH_USER_PATHS = NO;
				ARCHS = "$(ARCHS_STANDARD_32_BIT)";
				CLANG_ENABLE_OBJC_ARC = YES;
				"CODE_SIGN_IDENTITY[sdk=iphoneos*]" = "iPhone Developer";
				COPY_PHASE_STRIP = NO;
				GCC_C_LANGUAGE_STANDARD = gnu99;
				GCC_DYNAMIC_NO_PIC = NO;
				GCC_OPTIMIZATION_LEVEL = 0;
				GCC_PREPROCESSOR_DEFINITIONS = (
					"DEBUG=1",
					"$(inherited)",
				);
				GCC_SYMBOLS_PRIVATE_EXTERN = NO;
				GCC_VERSION = com.apple.compilers.llvm.clang.1_0;
				GCC_WARN_ABOUT_MISSING_PROTOTYPES = YES;
				GCC_WARN_ABOUT_RETURN_TYPE = YES;
				GCC_WARN_UNUSED_VARIABLE = YES;
				IPHONEOS_DEPLOYMENT_TARGET = 5.0;
				SDKROOT = iphoneos;
			};
			name = Debug;
		};
		03A87A9814C7DD5C00126D9A /* Release */ = {
			isa = XCBuildConfiguration;
			buildSettings = {
				ALWAYS_SEARCH_USER_PATHS = NO;
				ARCHS = "$(ARCHS_STANDARD_32_BIT)";
				CLANG_ENABLE_OBJC_ARC = YES;
				"CODE_SIGN_IDENTITY[sdk=iphoneos*]" = "iPhone Developer";
				COPY_PHASE_STRIP = YES;
				GCC_C_LANGUAGE_STANDARD = gnu99;
				GCC_VERSION = com.apple.compilers.llvm.clang.1_0;
				GCC_WARN_ABOUT_MISSING_PROTOTYPES = YES;
				GCC_WARN_ABOUT_RETURN_TYPE = YES;
				GCC_WARN_UNUSED_VARIABLE = YES;
				IPHONEOS_DEPLOYMENT_TARGET = 5.0;
				OTHER_CFLAGS = "-DNS_BLOCK_ASSERTIONS=1";
				SDKROOT = iphoneos;
				VALIDATE_PRODUCT = YES;
			};
			name = Release;
		};
		03A87A9A14C7DD5C00126D9A /* Debug */ = {
			isa = XCBuildConfiguration;
			buildSettings = {
				GCC_PRECOMPILE_PREFIX_HEADER = YES;
				GCC_PREFIX_HEADER = "CustomNavigationBarBackground/CustomNavigationBarBackground-Prefix.pch";
				INFOPLIST_FILE = "CustomNavigationBarBackground/CustomNavigationBarBackground-Info.plist";
				IPHONEOS_DEPLOYMENT_TARGET = 4.0;
				PRODUCT_NAME = "$(TARGET_NAME)";
				WRAPPER_EXTENSION = app;
			};
			name = Debug;
		};
		03A87A9B14C7DD5C00126D9A /* Release */ = {
			isa = XCBuildConfiguration;
			buildSettings = {
				GCC_PRECOMPILE_PREFIX_HEADER = YES;
				GCC_PREFIX_HEADER = "CustomNavigationBarBackground/CustomNavigationBarBackground-Prefix.pch";
				INFOPLIST_FILE = "CustomNavigationBarBackground/CustomNavigationBarBackground-Info.plist";
				IPHONEOS_DEPLOYMENT_TARGET = 4.0;
				PRODUCT_NAME = "$(TARGET_NAME)";
				WRAPPER_EXTENSION = app;
			};
			name = Release;
		};
/* End XCBuildConfiguration section */

/* Begin XCConfigurationList section */
		03A87A7514C7DD5C00126D9A /* Build configuration list for PBXProject "CustomNavigationBarBackground" */ = {
			isa = XCConfigurationList;
			buildConfigurations = (
				03A87A9714C7DD5C00126D9A /* Debug */,
				03A87A9814C7DD5C00126D9A /* Release */,
			);
			defaultConfigurationIsVisible = 0;
			defaultConfigurationName = Release;
		};
		03A87A9914C7DD5C00126D9A /* Build configuration list for PBXNativeTarget "CustomNavigationBarBackground" */ = {
			isa = XCConfigurationList;
			buildConfigurations = (
				03A87A9A14C7DD5C00126D9A /* Debug */,
				03A87A9B14C7DD5C00126D9A /* Release */,
			);
			defaultConfigurationIsVisible = 0;
		};
/* End XCConfigurationList section */
	};
	rootObject = 03A87A7214C7DD5C00126D9A /* Project object */;
}
